{
  "name": "tasks-bn",
  "lockfileVersion": 3,
  "requires": true,
  "packages": {
    "": {
      "dependencies": {
        "ascii-table": "^0.0.9",
        "crypto-js": "^4.2.0"
      }
    },
    "node_modules/ascii-table": {
      "version": "0.0.9",
      "resolved": "https://registry.npmjs.org/ascii-table/-/ascii-table-0.0.9.tgz",
      "integrity": "sha512-xpkr6sCDIYTPqzvjG8M3ncw1YOTaloWZOyrUmicoEifBEKzQzt+ooUpRpQ/AbOoJfO/p2ZKiyp79qHThzJDulQ=="
    },
    "node_modules/crypto-js": {
      "version": "4.2.0",
      "resolved": "https://registry.npmjs.org/crypto-js/-/crypto-js-4.2.0.tgz",
      "integrity": "sha512-KALDyEYgpY+Rlob/iriUtjV6d5Eq+Y191A5g4UqLAi8CyGP9N1+FdVbkc1SxKc2r4YAYqG8JzO2KGL+AizD70Q=="
    }
  }
}
